
Microsoft Visual Studio Solution File, Format Version 12.00
# Visual Studio Version 17
VisualStudioVersion = 17.7.34031.279
MinimumVisualStudioVersion = 10.0.40219.1
Project("{FAE04EC0-301F-11D3-BF4B-00C04F79EFBC}") = "lab5.1Chernyshenko", "lab5.1Chernyshenko\lab5.1Chernyshenko.csproj", "{70DF8518-651E-4D34-BD53-D910F1708E7F}"
EndProject
Global
	GlobalSection(SolutionConfigurationPlatforms) = preSolution
		Debug|Any CPU = Debug|Any CPU
		Release|Any CPU = Release|Any CPU
	EndGlobalSection
	GlobalSection(ProjectConfigurationPlatforms) = postSolution
		{70DF8518-651E-4D34-BD53-D910F1708E7F}.Debug|Any CPU.ActiveCfg = Debug|Any CPU
		{70DF8518-651E-4D34-BD53-D910F1708E7F}.Debug|Any CPU.Build.0 = Debug|Any CPU
		{70DF8518-651E-4D34-BD53-D910F1708E7F}.Release|Any CPU.ActiveCfg = Release|Any CPU
		{70DF8518-651E-4D34-BD53-D910F1708E7F}.Release|Any CPU.Build.0 = Release|Any CPU
	EndGlobalSection
	GlobalSection(SolutionProperties) = preSolution
		HideSolutionNode = FALSE
	EndGlobalSection
	GlobalSection(ExtensibilityGlobals) = postSolution
		SolutionGuid = {7BBF1280-E4D0-4E53-9B0E-377DD900992A}
	EndGlobalSection
EndGlobal
